Microsoft Visual Studio Solution File, Format Version 12.00
# Visual Studio Version 17
VisualStudioVersion = 17.5.2.0
MinimumVisualStudioVersion = 10.0.40219.1
Project("{FAE04EC0-301F-11D3-BF4B-00C04F79EFBC}") = "example_args_in_main_method", "example_args_in_main_method.csproj", "{1010399E-5AD8-25EE-CAB9-951806736501}"
EndProject
Global
	GlobalSection(SolutionConfigurationPlatforms) = preSolution
		Debug|Any CPU = Debug|Any CPU
		Release|Any CPU = Release|Any CPU
	EndGlobalSection
	GlobalSection(ProjectConfigurationPlatforms) = postSolution
		{1010399E-5AD8-25EE-CAB9-951806736501}.Debug|Any CPU.ActiveCfg = Debug|Any CPU
		{1010399E-5AD8-25EE-CAB9-951806736501}.Debug|Any CPU.Build.0 = Debug|Any CPU
		{1010399E-5AD8-25EE-CAB9-951806736501}.Release|Any CPU.ActiveCfg = Release|Any CPU
		{1010399E-5AD8-25EE-CAB9-951806736501}.Release|Any CPU.Build.0 = Release|Any CPU
	EndGlobalSection
	GlobalSection(SolutionProperties) = preSolution
		HideSolutionNode = FALSE
	EndGlobalSection
	GlobalSection(ExtensibilityGlobals) = postSolution
		SolutionGuid = {044C1427-0B41-403D-8979-23F6B77AF388}
	EndGlobalSection
EndGlobal
