Microsoft Visual Studio Solution File, Format Version 12.00
# Visual Studio Version 17
VisualStudioVersion = 17.5.2.0
MinimumVisualStudioVersion = 10.0.40219.1
Project("{FAE04EC0-301F-11D3-BF4B-00C04F79EFBC}") = "exercise_throw_customized_exceptions", "exercise_throw_customized_exceptions.csproj", "{EC5D8015-C9AD-E5F4-3896-D44C13E79A50}"
EndProject
Global
	GlobalSection(SolutionConfigurationPlatforms) = preSolution
		Debug|Any CPU = Debug|Any CPU
		Release|Any CPU = Release|Any CPU
	EndGlobalSection
	GlobalSection(ProjectConfigurationPlatforms) = postSolution
		{EC5D8015-C9AD-E5F4-3896-D44C13E79A50}.Debug|Any CPU.ActiveCfg = Debug|Any CPU
		{EC5D8015-C9AD-E5F4-3896-D44C13E79A50}.Debug|Any CPU.Build.0 = Debug|Any CPU
		{EC5D8015-C9AD-E5F4-3896-D44C13E79A50}.Release|Any CPU.ActiveCfg = Release|Any CPU
		{EC5D8015-C9AD-E5F4-3896-D44C13E79A50}.Release|Any CPU.Build.0 = Release|Any CPU
	EndGlobalSection
	GlobalSection(SolutionProperties) = preSolution
		HideSolutionNode = FALSE
	EndGlobalSection
	GlobalSection(ExtensibilityGlobals) = postSolution
		SolutionGuid = {4091F504-394A-456A-8E24-EC2EB24382F6}
	EndGlobalSection
EndGlobal
